// !$*UTF8*$!
{
	archiveVersion = 1;
	classes = {
	};
	objectVersion = 46;
	objects = {

/* Begin PBXBuildFile section */
		8DA894B21D0E282B00E3BAFF /* AppDelegate.swift in Sources */ = {isa = PBXBuildFile; fileRef = 8DA894B11D0E282B00E3BAFF /* AppDelegate.swift */; };
		8DA894B41D0E282B00E3BAFF /* ViewController.swift in Sources */ = {isa = PBXBuildFile; fileRef = 8DA894B31D0E282B00E3BAFF /* ViewController.swift */; };
		8DA894B71D0E282B00E3BAFF /* Main.storyboard in Resources */ = {isa = PBXBuildFile; fileRef = 8DA894B51D0E282B00E3BAFF /* Main.storyboard */; };
		8DA894B91D0E282B00E3BAFF /* Assets.xcassets in Resources */ = {isa = PBXBuildFile; fileRef = 8DA894B81D0E282B00E3BAFF /* Assets.xcassets */; };
		8DA894BC1D0E282B00E3BAFF /* LaunchScreen.storyboard in Resources */ = {isa = PBXBuildFile; fileRef = 8DA894BA1D0E282B00E3BAFF /* LaunchScreen.storyboard */; };
/* End PBXBuildFile section */

/* Begin PBXFileReference section */
		8DA894AE1D0E282B00E3BAFF /* multiples.app */ = {isa = PBXFileReference; explicitFileType = wrapper.application; includeInIndex = 0; path = multiples.app; sourceTree = BUILT_PRODUCTS_DIR; };
		8DA894B11D0E282B00E3BAFF /* AppDelegate.swift */ = {isa = PBXFileReference; lastKnownFileType = sourcecode.swift; path = AppDelegate.swift; sourceTree = "<group>"; };
		8DA894B31D0E282B00E3BAFF /* ViewController.swift */ = {isa = PBXFileReference; lastKnownFileType = sourcecode.swift; path = ViewController.swift; sourceTree = "<group>"; };
		8DA894B61D0E282B00E3BAFF /* Base */ = {isa = PBXFileReference; lastKnownFileType = file.storyboard; name = Base; path = Base.lproj/Main.storyboard; sourceTree = "<group>"; };
		8DA894B81D0E282B00E3BAFF /* Assets.xcassets */ = {isa = PBXFileReference; lastKnownFileType = folder.assetcatalog; path = Assets.xcassets; sourceTree = "<group>"; };
		8DA894BB1D0E282B00E3BAFF /* Base */ = {isa = PBXFileReference; lastKnownFileType = file.storyboard; name = Base; path = Base.lproj/LaunchScreen.storyboard; sourceTree = "<group>"; };
		8DA894BD1D0E282B00E3BAFF /* Info.plist */ = {isa = PBXFileReference; lastKnownFileType = text.plist.xml; path = Info.plist; sourceTree = "<group>"; };
/* End PBXFileReference section */

/* Begin PBXFrameworksBuildPhase section */
		8DA894AB1D0E282B00E3BAFF /* Frameworks */ = {
			isa = PBXFrameworksBuildPhase;
			buildActionMask = 2147483647;
			files = (
			);
			runOnlyForDeploymentPostprocessing = 0;
		};
/* End PBXFrameworksBuildPhase section */

/* Begin PBXGroup section */
		8DA894A51D0E282B00E3BAFF = {
			isa = PBXGroup;
			children = (
				8DA894B01D0E282B00E3BAFF /* multiples */,
				8DA894AF1D0E282B00E3BAFF /* Products */,
			);
			sourceTree = "<group>";
		};
		8DA894AF1D0E282B00E3BAFF /* Products */ = {
			isa = PBXGroup;
			children = (
				8DA894AE1D0E282B00E3BAFF /* multiples.app */,
			);
			name = Products;
			sourceTree = "<group>";
		};
		8DA894B01D0E282B00E3BAFF /* multiples */ = {
			isa = PBXGroup;
			children = (
				8DA894B11D0E282B00E3BAFF /* AppDelegate.swift */,
				8DA894B31D0E282B00E3BAFF /* ViewController.swift */,
				8DA894B51D0E282B00E3BAFF /* Main.storyboard */,
				8DA894B81D0E282B00E3BAFF /* Assets.xcassets */,
				8DA894BA1D0E282B00E3BAFF /* LaunchScreen.storyboard */,
				8DA894BD1D0E282B00E3BAFF /* Info.plist */,
			);
			path = multiples;
			sourceTree = "<group>";
		};
/* End PBXGroup section */

/* Begin PBXNativeTarget section */
		8DA894AD1D0E282B00E3BAFF /* multiples */ = {
			isa = PBXNativeTarget;
			buildConfigurationList = 8DA894C01D0E282B00E3BAFF /* Build configuration list for PBXNativeTarget "multiples" */;
			buildPhases = (
				8DA894AA1D0E282B00E3BAFF /* Sources */,
				8DA894AB1D0E282B00E3BAFF /* Frameworks */,
				8DA894AC1D0E282B00E3BAFF /* Resources */,
			);
			buildRules = (
			);
			dependencies = (
			);
			name = multiples;
			productName = multiples;
			productReference = 8DA894AE1D0E282B00E3BAFF /* multiples.app */;
			productType = "com.apple.product-type.application";
		};
/* End PBXNativeTarget section */

/* Begin PBXProject section */
		8DA894A61D0E282B00E3BAFF /* Project object */ = {
			isa = PBXProject;
			attributes = {
				LastSwiftUpdateCheck = 0730;
				LastUpgradeCheck = 0730;
				ORGANIZATIONNAME = "Brian Stout";
				TargetAttributes = {
					8DA894AD1D0E282B00E3BAFF = {
						CreatedOnToolsVersion = 7.3;
						DevelopmentTeam = S5W77VUT9J;
					};
				};
			};
			buildConfigurationList = 8DA894A91D0E282B00E3BAFF /* Build configuration list for PBXProject "multiples" */;
			compatibilityVersion = "Xcode 3.2";
			developmentRegion = English;
			hasScannedForEncodings = 0;
			knownRegions = (
				en,
				Base,
			);
			mainGroup = 8DA894A51D0E282B00E3BAFF;
			productRefGroup = 8DA894AF1D0E282B00E3BAFF /* Products */;
			projectDirPath = "";
			projectRoot = "";
			targets = (
				8DA894AD1D0E282B00E3BAFF /* multiples */,
			);
		};
/* End PBXProject section */

/* Begin PBXResourcesBuildPhase section */
		8DA894AC1D0E282B00E3BAFF /* Resources */ = {
			isa = PBXResourcesBuildPhase;
			buildActionMask = 2147483647;
			files = (
				8DA894BC1D0E282B00E3BAFF /* LaunchScreen.storyboard in Resources */,
				8DA894B91D0E282B00E3BAFF /* Assets.xcassets in Resources */,
				8DA894B71D0E282B00E3BAFF /* Main.storyboard in Resources */,
			);
			runOnlyForDeploymentPostprocessing = 0;
		};
/* End PBXResourcesBuildPhase section */

/* Begin PBXSourcesBuildPhase section */
		8DA894AA1D0E282B00E3BAFF /* Sources */ = {
			isa = PBXSourcesBuildPhase;
			buildActionMask = 2147483647;
			files = (
				8DA894B41D0E282B00E3BAFF /* ViewController.swift in Sources */,
				8DA894B21D0E282B00E3BAFF /* AppDelegate.swift in Sources */,
			);
			runOnlyForDeploymentPostprocessing = 0;
		};
/* End PBXSourcesBuildPhase section */

/* Begin PBXVariantGroup section */
		8DA894B51D0E282B00E3BAFF /* Main.storyboard */ = {
			isa = PBXVariantGroup;
			children = (
				8DA894B61D0E282B00E3BAFF /* Base */,
			);
			name = Main.storyboard;
			sourceTree = "<group>";
		};
		8DA894BA1D0E282B00E3BAFF /* LaunchScreen.storyboard */ = {
			isa = PBXVariantGroup;
			children = (
				8DA894BB1D0E282B00E3BAFF /* Base */,
			);
			name = LaunchScreen.storyboard;
			sourceTree = "<group>";
		};
/* End PBXVariantGroup section */

/* Begin XCBuildConfiguration section */
		8DA894BE1D0E282B00E3BAFF /* Debug */ = {
			isa = XCBuildConfiguration;
			buildSettings = {
				ALWAYS_SEARCH_USER_PATHS = NO;
				CLANG_ANALYZER_NONNULL = YES;
				CLANG_CXX_LANGUAGE_STANDARD = "gnu++0x";
				CLANG_CXX_LIBRARY = "libc++";
				CLANG_ENABLE_MODULES = YES;
				CLANG_ENABLE_OBJC_ARC = YES;
				CLANG_WARN_BOOL_CONVERSION = YES;
				CLANG_WARN_CONSTANT_CONVERSION = YES;
				CLANG_WARN_DIRECT_OBJC_ISA_USAGE = YES_ERROR;
				CLANG_WARN_EMPTY_BODY = YES;
				CLANG_WARN_ENUM_CONVERSION = YES;
				CLANG_WARN_INT_CONVERSION = YES;
				CLANG_WARN_OBJC_ROOT_CLASS = YES_ERROR;
				CLANG_WARN_UNREACHABLE_CODE = YES;
				CLANG_WARN__DUPLICATE_METHOD_MATCH = YES;
				"CODE_SIGN_IDENTITY[sdk=iphoneos*]" = "iPhone Developer";
				COPY_PHASE_STRIP = NO;
				DEBUG_INFORMATION_FORMAT = dwarf;
				ENABLE_STRICT_OBJC_MSGSEND = YES;
				ENABLE_TESTABILITY = YES;
				GCC_C_LANGUAGE_STANDARD = gnu99;
				GCC_DYNAMIC_NO_PIC = NO;
				GCC_NO_COMMON_BLOCKS = YES;
				GCC_OPTIMIZATION_LEVEL = 0;
				GCC_PREPROCESSOR_DEFINITIONS = (
					"DEBUG=1",
					"$(inherited)",
				);
				GCC_WARN_64_TO_32_BIT_CONVERSION = YES;
				GCC_WARN_ABOUT_RETURN_TYPE = YES_ERROR;
				GCC_WARN_UNDECLARED_SELECTOR = YES;
				GCC_WARN_UNINITIALIZED_AUTOS = YES_AGGRESSIVE;
				GCC_WARN_UNUSED_FUNCTION = YES;
				GCC_WARN_UNUSED_VARIABLE = YES;
				IPHONEOS_DEPLOYMENT_TARGET = 9.3;
				MTL_ENABLE_DEBUG_INFO = YES;
				ONLY_ACTIVE_ARCH = YES;
				SDKROOT = iphoneos;
				SWIFT_OPTIMIZATION_LEVEL = "-Onone";
			};
			name = Debug;
		};
		8DA894BF1D0E282B00E3BAFF /* Release */ = {
			isa = XCBuildConfiguration;
			buildSettings = {
				ALWAYS_SEARCH_USER_PATHS = NO;
				CLANG_ANALYZER_NONNULL = YES;
				CLANG_CXX_LANGUAGE_STANDARD = "gnu++0x";
				CLANG_CXX_LIBRARY = "libc++";
				CLANG_ENABLE_MODULES = YES;
				CLANG_ENABLE_OBJC_ARC = YES;
				CLANG_WARN_BOOL_CONVERSION = YES;
				CLANG_WARN_CONSTANT_CONVERSION = YES;
				CLANG_WARN_DIRECT_OBJC_ISA_USAGE = YES_ERROR;
				CLANG_WARN_EMPTY_BODY = YES;
				CLANG_WARN_ENUM_CONVERSION = YES;
				CLANG_WARN_INT_CONVERSION = YES;
				CLANG_WARN_OBJC_ROOT_CLASS = YES_ERROR;
				CLANG_WARN_UNREACHABLE_CODE = YES;
				CLANG_WARN__DUPLICATE_METHOD_MATCH = YES;
				"CODE_SIGN_IDENTITY[sdk=iphoneos*]" = "iPhone Developer";
				COPY_PHASE_STRIP = NO;
				DEBUG_INFORMATION_FORMAT = "dwarf-with-dsym";
				ENABLE_NS_ASSERTIONS = NO;
				ENABLE_STRICT_OBJC_MSGSEND = YES;
				GCC_C_LANGUAGE_STANDARD = gnu99;
				GCC_NO_COMMON_BLOCKS = YES;
				GCC_WARN_64_TO_32_BIT_CONVERSION = YES;
				GCC_WARN_ABOUT_RETURN_TYPE = YES_ERROR;
				GCC_WARN_UNDECLARED_SELECTOR = YES;
				GCC_WARN_UNINITIALIZED_AUTOS = YES_AGGRESSIVE;
				GCC_WARN_UNUSED_FUNCTION = YES;
				GCC_WARN_UNUSED_VARIABLE = YES;
				IPHONEOS_DEPLOYMENT_TARGET = 9.3;
				MTL_ENABLE_DEBUG_INFO = NO;
				SDKROOT = iphoneos;
				VALIDATE_PRODUCT = YES;
			};
			name = Release;
		};
		8DA894C11D0E282B00E3BAFF /* Debug */ = {
			isa = XCBuildConfiguration;
			buildSettings = {
				ASSETCATALOG_COMPILER_APPICON_NAME = AppIcon;
				CODE_SIGN_IDENTITY = "iPhone Developer";
				"CODE_SIGN_IDENTITY[sdk=iphoneos*]" = "iPhone Developer";
				INFOPLIST_FILE = multiples/Info.plist;
				LD_RUNPATH_SEARCH_PATHS = "$(inherited) @executable_path/Frameworks";
				PRODUCT_BUNDLE_IDENTIFIER = com.offtheroll.multiples;
				PRODUCT_NAME = "$(TARGET_NAME)";
				PROVISIONING_PROFILE = "";
			};
			name = Debug;
		};
		8DA894C21D0E282B00E3BAFF /* Release */ = {
			isa = XCBuildConfiguration;
			buildSettings = {
				ASSETCATALOG_COMPILER_APPICON_NAME = AppIcon;
				CODE_SIGN_IDENTITY = "iPhone Developer";
				"CODE_SIGN_IDENTITY[sdk=iphoneos*]" = "iPhone Developer";
				INFOPLIST_FILE = multiples/Info.plist;
				LD_RUNPATH_SEARCH_PATHS = "$(inherited) @executable_path/Frameworks";
				PRODUCT_BUNDLE_IDENTIFIER = com.offtheroll.multiples;
				PRODUCT_NAME = "$(TARGET_NAME)";
				PROVISIONING_PROFILE = "";
			};
			name = Release;
		};
/* End XCBuildConfiguration section */

/* Begin XCConfigurationList section */
		8DA894A91D0E282B00E3BAFF /* Build configuration list for PBXProject "multiples" */ = {
			isa = XCConfigurationList;
			buildConfigurations = (
				8DA894BE1D0E282B00E3BAFF /* Debug */,
				8DA894BF1D0E282B00E3BAFF /* Release */,
			);
			defaultConfigurationIsVisible = 0;
			defaultConfigurationName = Release;
		};
		8DA894C01D0E282B00E3BAFF /* Build configuration list for PBXNativeTarget "multiples" */ = {
			isa = XCConfigurationList;
			buildConfigurations = (
				8DA894C11D0E282B00E3BAFF /* Debug */,
				8DA894C21D0E282B00E3BAFF /* Release */,
			);
			defaultConfigurationIsVisible = 0;
		};
/* End XCConfigurationList section */
	};
	rootObject = 8DA894A61D0E282B00E3BAFF /* Project object */;
}
