// !$*UTF8*$!
{
	archiveVersion = 1;
	classes = {
	};
	objectVersion = 46;
	objects = {

/* Begin PBXBuildFile section */
		8D49ED561D02FF280099E28E /* AppDelegate.swift in Sources */ = {isa = PBXBuildFile; fileRef = 8D49ED551D02FF280099E28E /* AppDelegate.swift */; };
		8D49ED581D02FF280099E28E /* ViewController.swift in Sources */ = {isa = PBXBuildFile; fileRef = 8D49ED571D02FF280099E28E /* ViewController.swift */; };
		8D49ED5B1D02FF280099E28E /* Main.storyboard in Resources */ = {isa = PBXBuildFile; fileRef = 8D49ED591D02FF280099E28E /* Main.storyboard */; };
		8D49ED5E1D02FF280099E28E /* HappyBirthday.xcdatamodeld in Sources */ = {isa = PBXBuildFile; fileRef = 8D49ED5C1D02FF280099E28E /* HappyBirthday.xcdatamodeld */; };
		8D49ED601D02FF280099E28E /* Assets.xcassets in Resources */ = {isa = PBXBuildFile; fileRef = 8D49ED5F1D02FF280099E28E /* Assets.xcassets */; };
		8D49ED631D02FF280099E28E /* LaunchScreen.storyboard in Resources */ = {isa = PBXBuildFile; fileRef = 8D49ED611D02FF280099E28E /* LaunchScreen.storyboard */; };
		8D49ED6E1D02FF280099E28E /* HappyBirthdayTests.swift in Sources */ = {isa = PBXBuildFile; fileRef = 8D49ED6D1D02FF280099E28E /* HappyBirthdayTests.swift */; };
		8D49ED791D02FF280099E28E /* HappyBirthdayUITests.swift in Sources */ = {isa = PBXBuildFile; fileRef = 8D49ED781D02FF280099E28E /* HappyBirthdayUITests.swift */; };
/* End PBXBuildFile section */

/* Begin PBXContainerItemProxy section */
		8D49ED6A1D02FF280099E28E /* PBXContainerItemProxy */ = {
			isa = PBXContainerItemProxy;
			containerPortal = 8D49ED4A1D02FF280099E28E /* Project object */;
			proxyType = 1;
			remoteGlobalIDString = 8D49ED511D02FF280099E28E;
			remoteInfo = HappyBirthday;
		};
		8D49ED751D02FF280099E28E /* PBXContainerItemProxy */ = {
			isa = PBXContainerItemProxy;
			containerPortal = 8D49ED4A1D02FF280099E28E /* Project object */;
			proxyType = 1;
			remoteGlobalIDString = 8D49ED511D02FF280099E28E;
			remoteInfo = HappyBirthday;
		};
/* End PBXContainerItemProxy section */

/* Begin PBXFileReference section */
		8D49ED521D02FF280099E28E /* HappyBirthday.app */ = {isa = PBXFileReference; explicitFileType = wrapper.application; includeInIndex = 0; path = HappyBirthday.app; sourceTree = BUILT_PRODUCTS_DIR; };
		8D49ED551D02FF280099E28E /* AppDelegate.swift */ = {isa = PBXFileReference; lastKnownFileType = sourcecode.swift; path = AppDelegate.swift; sourceTree = "<group>"; };
		8D49ED571D02FF280099E28E /* ViewController.swift */ = {isa = PBXFileReference; lastKnownFileType = sourcecode.swift; path = ViewController.swift; sourceTree = "<group>"; };
		8D49ED5A1D02FF280099E28E /* Base */ = {isa = PBXFileReference; lastKnownFileType = file.storyboard; name = Base; path = Base.lproj/Main.storyboard; sourceTree = "<group>"; };
		8D49ED5D1D02FF280099E28E /* HappyBirthday.xcdatamodel */ = {isa = PBXFileReference; lastKnownFileType = wrapper.xcdatamodel; path = HappyBirthday.xcdatamodel; sourceTree = "<group>"; };
		8D49ED5F1D02FF280099E28E /* Assets.xcassets */ = {isa = PBXFileReference; lastKnownFileType = folder.assetcatalog; path = Assets.xcassets; sourceTree = "<group>"; };
		8D49ED621D02FF280099E28E /* Base */ = {isa = PBXFileReference; lastKnownFileType = file.storyboard; name = Base; path = Base.lproj/LaunchScreen.storyboard; sourceTree = "<group>"; };
		8D49ED641D02FF280099E28E /* Info.plist */ = {isa = PBXFileReference; lastKnownFileType = text.plist.xml; path = Info.plist; sourceTree = "<group>"; };
		8D49ED691D02FF280099E28E /* HappyBirthdayTests.xctest */ = {isa = PBXFileReference; explicitFileType = wrapper.cfbundle; includeInIndex = 0; path = HappyBirthdayTests.xctest; sourceTree = BUILT_PRODUCTS_DIR; };
		8D49ED6D1D02FF280099E28E /* HappyBirthdayTests.swift */ = {isa = PBXFileReference; lastKnownFileType = sourcecode.swift; path = HappyBirthdayTests.swift; sourceTree = "<group>"; };
		8D49ED6F1D02FF280099E28E /* Info.plist */ = {isa = PBXFileReference; lastKnownFileType = text.plist.xml; path = Info.plist; sourceTree = "<group>"; };
		8D49ED741D02FF280099E28E /* HappyBirthdayUITests.xctest */ = {isa = PBXFileReference; explicitFileType = wrapper.cfbundle; includeInIndex = 0; path = HappyBirthdayUITests.xctest; sourceTree = BUILT_PRODUCTS_DIR; };
		8D49ED781D02FF280099E28E /* HappyBirthdayUITests.swift */ = {isa = PBXFileReference; lastKnownFileType = sourcecode.swift; path = HappyBirthdayUITests.swift; sourceTree = "<group>"; };
		8D49ED7A1D02FF280099E28E /* Info.plist */ = {isa = PBXFileReference; lastKnownFileType = text.plist.xml; path = Info.plist; sourceTree = "<group>"; };
/* End PBXFileReference section */

/* Begin PBXFrameworksBuildPhase section */
		8D49ED4F1D02FF280099E28E /* Frameworks */ = {
			isa = PBXFrameworksBuildPhase;
			buildActionMask = 2147483647;
			files = (
			);
			runOnlyForDeploymentPostprocessing = 0;
		};
		8D49ED661D02FF280099E28E /* Frameworks */ = {
			isa = PBXFrameworksBuildPhase;
			buildActionMask = 2147483647;
			files = (
			);
			runOnlyForDeploymentPostprocessing = 0;
		};
		8D49ED711D02FF280099E28E /* Frameworks */ = {
			isa = PBXFrameworksBuildPhase;
			buildActionMask = 2147483647;
			files = (
			);
			runOnlyForDeploymentPostprocessing = 0;
		};
/* End PBXFrameworksBuildPhase section */

/* Begin PBXGroup section */
		8D49ED491D02FF280099E28E = {
			isa = PBXGroup;
			children = (
				8D49ED541D02FF280099E28E /* HappyBirthday */,
				8D49ED6C1D02FF280099E28E /* HappyBirthdayTests */,
				8D49ED771D02FF280099E28E /* HappyBirthdayUITests */,
				8D49ED531D02FF280099E28E /* Products */,
			);
			sourceTree = "<group>";
		};
		8D49ED531D02FF280099E28E /* Products */ = {
			isa = PBXGroup;
			children = (
				8D49ED521D02FF280099E28E /* HappyBirthday.app */,
				8D49ED691D02FF280099E28E /* HappyBirthdayTests.xctest */,
				8D49ED741D02FF280099E28E /* HappyBirthdayUITests.xctest */,
			);
			name = Products;
			sourceTree = "<group>";
		};
		8D49ED541D02FF280099E28E /* HappyBirthday */ = {
			isa = PBXGroup;
			children = (
				8D49ED551D02FF280099E28E /* AppDelegate.swift */,
				8D49ED571D02FF280099E28E /* ViewController.swift */,
				8D49ED591D02FF280099E28E /* Main.storyboard */,
				8D49ED5F1D02FF280099E28E /* Assets.xcassets */,
				8D49ED611D02FF280099E28E /* LaunchScreen.storyboard */,
				8D49ED641D02FF280099E28E /* Info.plist */,
				8D49ED5C1D02FF280099E28E /* HappyBirthday.xcdatamodeld */,
			);
			path = HappyBirthday;
			sourceTree = "<group>";
		};
		8D49ED6C1D02FF280099E28E /* HappyBirthdayTests */ = {
			isa = PBXGroup;
			children = (
				8D49ED6D1D02FF280099E28E /* HappyBirthdayTests.swift */,
				8D49ED6F1D02FF280099E28E /* Info.plist */,
			);
			path = HappyBirthdayTests;
			sourceTree = "<group>";
		};
		8D49ED771D02FF280099E28E /* HappyBirthdayUITests */ = {
			isa = PBXGroup;
			children = (
				8D49ED781D02FF280099E28E /* HappyBirthdayUITests.swift */,
				8D49ED7A1D02FF280099E28E /* Info.plist */,
			);
			path = HappyBirthdayUITests;
			sourceTree = "<group>";
		};
/* End PBXGroup section */

/* Begin PBXNativeTarget section */
		8D49ED511D02FF280099E28E /* HappyBirthday */ = {
			isa = PBXNativeTarget;
			buildConfigurationList = 8D49ED7D1D02FF280099E28E /* Build configuration list for PBXNativeTarget "HappyBirthday" */;
			buildPhases = (
				8D49ED4E1D02FF280099E28E /* Sources */,
				8D49ED4F1D02FF280099E28E /* Frameworks */,
				8D49ED501D02FF280099E28E /* Resources */,
			);
			buildRules = (
			);
			dependencies = (
			);
			name = HappyBirthday;
			productName = HappyBirthday;
			productReference = 8D49ED521D02FF280099E28E /* HappyBirthday.app */;
			productType = "com.apple.product-type.application";
		};
		8D49ED681D02FF280099E28E /* HappyBirthdayTests */ = {
			isa = PBXNativeTarget;
			buildConfigurationList = 8D49ED801D02FF280099E28E /* Build configuration list for PBXNativeTarget "HappyBirthdayTests" */;
			buildPhases = (
				8D49ED651D02FF280099E28E /* Sources */,
				8D49ED661D02FF280099E28E /* Frameworks */,
				8D49ED671D02FF280099E28E /* Resources */,
			);
			buildRules = (
			);
			dependencies = (
				8D49ED6B1D02FF280099E28E /* PBXTargetDependency */,
			);
			name = HappyBirthdayTests;
			productName = HappyBirthdayTests;
			productReference = 8D49ED691D02FF280099E28E /* HappyBirthdayTests.xctest */;
			productType = "com.apple.product-type.bundle.unit-test";
		};
		8D49ED731D02FF280099E28E /* HappyBirthdayUITests */ = {
			isa = PBXNativeTarget;
			buildConfigurationList = 8D49ED831D02FF280099E28E /* Build configuration list for PBXNativeTarget "HappyBirthdayUITests" */;
			buildPhases = (
				8D49ED701D02FF280099E28E /* Sources */,
				8D49ED711D02FF280099E28E /* Frameworks */,
				8D49ED721D02FF280099E28E /* Resources */,
			);
			buildRules = (
			);
			dependencies = (
				8D49ED761D02FF280099E28E /* PBXTargetDependency */,
			);
			name = HappyBirthdayUITests;
			productName = HappyBirthdayUITests;
			productReference = 8D49ED741D02FF280099E28E /* HappyBirthdayUITests.xctest */;
			productType = "com.apple.product-type.bundle.ui-testing";
		};
/* End PBXNativeTarget section */

/* Begin PBXProject section */
		8D49ED4A1D02FF280099E28E /* Project object */ = {
			isa = PBXProject;
			attributes = {
				LastSwiftUpdateCheck = 0730;
				LastUpgradeCheck = 0730;
				ORGANIZATIONNAME = "Brian Stout";
				TargetAttributes = {
					8D49ED511D02FF280099E28E = {
						CreatedOnToolsVersion = 7.3;
					};
					8D49ED681D02FF280099E28E = {
						CreatedOnToolsVersion = 7.3;
						TestTargetID = 8D49ED511D02FF280099E28E;
					};
					8D49ED731D02FF280099E28E = {
						CreatedOnToolsVersion = 7.3;
						TestTargetID = 8D49ED511D02FF280099E28E;
					};
				};
			};
			buildConfigurationList = 8D49ED4D1D02FF280099E28E /* Build configuration list for PBXProject "HappyBirthday" */;
			compatibilityVersion = "Xcode 3.2";
			developmentRegion = English;
			hasScannedForEncodings = 0;
			knownRegions = (
				en,
				Base,
			);
			mainGroup = 8D49ED491D02FF280099E28E;
			productRefGroup = 8D49ED531D02FF280099E28E /* Products */;
			projectDirPath = "";
			projectRoot = "";
			targets = (
				8D49ED511D02FF280099E28E /* HappyBirthday */,
				8D49ED681D02FF280099E28E /* HappyBirthdayTests */,
				8D49ED731D02FF280099E28E /* HappyBirthdayUITests */,
			);
		};
/* End PBXProject section */

/* Begin PBXResourcesBuildPhase section */
		8D49ED501D02FF280099E28E /* Resources */ = {
			isa = PBXResourcesBuildPhase;
			buildActionMask = 2147483647;
			files = (
				8D49ED631D02FF280099E28E /* LaunchScreen.storyboard in Resources */,
				8D49ED601D02FF280099E28E /* Assets.xcassets in Resources */,
				8D49ED5B1D02FF280099E28E /* Main.storyboard in Resources */,
			);
			runOnlyForDeploymentPostprocessing = 0;
		};
		8D49ED671D02FF280099E28E /* Resources */ = {
			isa = PBXResourcesBuildPhase;
			buildActionMask = 2147483647;
			files = (
			);
			runOnlyForDeploymentPostprocessing = 0;
		};
		8D49ED721D02FF280099E28E /* Resources */ = {
			isa = PBXResourcesBuildPhase;
			buildActionMask = 2147483647;
			files = (
			);
			runOnlyForDeploymentPostprocessing = 0;
		};
/* End PBXResourcesBuildPhase section */

/* Begin PBXSourcesBuildPhase section */
		8D49ED4E1D02FF280099E28E /* Sources */ = {
			isa = PBXSourcesBuildPhase;
			buildActionMask = 2147483647;
			files = (
				8D49ED5E1D02FF280099E28E /* HappyBirthday.xcdatamodeld in Sources */,
				8D49ED581D02FF280099E28E /* ViewController.swift in Sources */,
				8D49ED561D02FF280099E28E /* AppDelegate.swift in Sources */,
			);
			runOnlyForDeploymentPostprocessing = 0;
		};
		8D49ED651D02FF280099E28E /* Sources */ = {
			isa = PBXSourcesBuildPhase;
			buildActionMask = 2147483647;
			files = (
				8D49ED6E1D02FF280099E28E /* HappyBirthdayTests.swift in Sources */,
			);
			runOnlyForDeploymentPostprocessing = 0;
		};
		8D49ED701D02FF280099E28E /* Sources */ = {
			isa = PBXSourcesBuildPhase;
			buildActionMask = 2147483647;
			files = (
				8D49ED791D02FF280099E28E /* HappyBirthdayUITests.swift in Sources */,
			);
			runOnlyForDeploymentPostprocessing = 0;
		};
/* End PBXSourcesBuildPhase section */

/* Begin PBXTargetDependency section */
		8D49ED6B1D02FF280099E28E /* PBXTargetDependency */ = {
			isa = PBXTargetDependency;
			target = 8D49ED511D02FF280099E28E /* HappyBirthday */;
			targetProxy = 8D49ED6A1D02FF280099E28E /* PBXContainerItemProxy */;
		};
		8D49ED761D02FF280099E28E /* PBXTargetDependency */ = {
			isa = PBXTargetDependency;
			target = 8D49ED511D02FF280099E28E /* HappyBirthday */;
			targetProxy = 8D49ED751D02FF280099E28E /* PBXContainerItemProxy */;
		};
/* End PBXTargetDependency section */

/* Begin PBXVariantGroup section */
		8D49ED591D02FF280099E28E /* Main.storyboard */ = {
			isa = PBXVariantGroup;
			children = (
				8D49ED5A1D02FF280099E28E /* Base */,
			);
			name = Main.storyboard;
			sourceTree = "<group>";
		};
		8D49ED611D02FF280099E28E /* LaunchScreen.storyboard */ = {
			isa = PBXVariantGroup;
			children = (
				8D49ED621D02FF280099E28E /* Base */,
			);
			name = LaunchScreen.storyboard;
			sourceTree = "<group>";
		};
/* End PBXVariantGroup section */

/* Begin XCBuildConfiguration section */
		8D49ED7B1D02FF280099E28E /* Debug */ = {
			isa = XCBuildConfiguration;
			buildSettings = {
				ALWAYS_SEARCH_USER_PATHS = NO;
				CLANG_ANALYZER_NONNULL = YES;
				CLANG_CXX_LANGUAGE_STANDARD = "gnu++0x";
				CLANG_CXX_LIBRARY = "libc++";
				CLANG_ENABLE_MODULES = YES;
				CLANG_ENABLE_OBJC_ARC = YES;
				CLANG_WARN_BOOL_CONVERSION = YES;
				CLANG_WARN_CONSTANT_CONVERSION = YES;
				CLANG_WARN_DIRECT_OBJC_ISA_USAGE = YES_ERROR;
				CLANG_WARN_EMPTY_BODY = YES;
				CLANG_WARN_ENUM_CONVERSION = YES;
				CLANG_WARN_INT_CONVERSION = YES;
				CLANG_WARN_OBJC_ROOT_CLASS = YES_ERROR;
				CLANG_WARN_UNREACHABLE_CODE = YES;
				CLANG_WARN__DUPLICATE_METHOD_MATCH = YES;
				"CODE_SIGN_IDENTITY[sdk=iphoneos*]" = "iPhone Developer";
				COPY_PHASE_STRIP = NO;
				DEBUG_INFORMATION_FORMAT = dwarf;
				ENABLE_STRICT_OBJC_MSGSEND = YES;
				ENABLE_TESTABILITY = YES;
				GCC_C_LANGUAGE_STANDARD = gnu99;
				GCC_DYNAMIC_NO_PIC = NO;
				GCC_NO_COMMON_BLOCKS = YES;
				GCC_OPTIMIZATION_LEVEL = 0;
				GCC_PREPROCESSOR_DEFINITIONS = (
					"DEBUG=1",
					"$(inherited)",
				);
				GCC_WARN_64_TO_32_BIT_CONVERSION = YES;
				GCC_WARN_ABOUT_RETURN_TYPE = YES_ERROR;
				GCC_WARN_UNDECLARED_SELECTOR = YES;
				GCC_WARN_UNINITIALIZED_AUTOS = YES_AGGRESSIVE;
				GCC_WARN_UNUSED_FUNCTION = YES;
				GCC_WARN_UNUSED_VARIABLE = YES;
				IPHONEOS_DEPLOYMENT_TARGET = 9.3;
				MTL_ENABLE_DEBUG_INFO = YES;
				ONLY_ACTIVE_ARCH = YES;
				SDKROOT = iphoneos;
				SWIFT_OPTIMIZATION_LEVEL = "-Onone";
			};
			name = Debug;
		};
		8D49ED7C1D02FF280099E28E /* Release */ = {
			isa = XCBuildConfiguration;
			buildSettings = {
				ALWAYS_SEARCH_USER_PATHS = NO;
				CLANG_ANALYZER_NONNULL = YES;
				CLANG_CXX_LANGUAGE_STANDARD = "gnu++0x";
				CLANG_CXX_LIBRARY = "libc++";
				CLANG_ENABLE_MODULES = YES;
				CLANG_ENABLE_OBJC_ARC = YES;
				CLANG_WARN_BOOL_CONVERSION = YES;
				CLANG_WARN_CONSTANT_CONVERSION = YES;
				CLANG_WARN_DIRECT_OBJC_ISA_USAGE = YES_ERROR;
				CLANG_WARN_EMPTY_BODY = YES;
				CLANG_WARN_ENUM_CONVERSION = YES;
				CLANG_WARN_INT_CONVERSION = YES;
				CLANG_WARN_OBJC_ROOT_CLASS = YES_ERROR;
				CLANG_WARN_UNREACHABLE_CODE = YES;
				CLANG_WARN__DUPLICATE_METHOD_MATCH = YES;
				"CODE_SIGN_IDENTITY[sdk=iphoneos*]" = "iPhone Developer";
				COPY_PHASE_STRIP = NO;
				DEBUG_INFORMATION_FORMAT = "dwarf-with-dsym";
				ENABLE_NS_ASSERTIONS = NO;
				ENABLE_STRICT_OBJC_MSGSEND = YES;
				GCC_C_LANGUAGE_STANDARD = gnu99;
				GCC_NO_COMMON_BLOCKS = YES;
				GCC_WARN_64_TO_32_BIT_CONVERSION = YES;
				GCC_WARN_ABOUT_RETURN_TYPE = YES_ERROR;
				GCC_WARN_UNDECLARED_SELECTOR = YES;
				GCC_WARN_UNINITIALIZED_AUTOS = YES_AGGRESSIVE;
				GCC_WARN_UNUSED_FUNCTION = YES;
				GCC_WARN_UNUSED_VARIABLE = YES;
				IPHONEOS_DEPLOYMENT_TARGET = 9.3;
				MTL_ENABLE_DEBUG_INFO = NO;
				SDKROOT = iphoneos;
				VALIDATE_PRODUCT = YES;
			};
			name = Release;
		};
		8D49ED7E1D02FF280099E28E /* Debug */ = {
			isa = XCBuildConfiguration;
			buildSettings = {
				ASSETCATALOG_COMPILER_APPICON_NAME = AppIcon;
				INFOPLIST_FILE = HappyBirthday/Info.plist;
				LD_RUNPATH_SEARCH_PATHS = "$(inherited) @executable_path/Frameworks";
				PRODUCT_BUNDLE_IDENTIFIER = com.offtheroll.HappyBirthday;
				PRODUCT_NAME = "$(TARGET_NAME)";
			};
			name = Debug;
		};
		8D49ED7F1D02FF280099E28E /* Release */ = {
			isa = XCBuildConfiguration;
			buildSettings = {
				ASSETCATALOG_COMPILER_APPICON_NAME = AppIcon;
				INFOPLIST_FILE = HappyBirthday/Info.plist;
				LD_RUNPATH_SEARCH_PATHS = "$(inherited) @executable_path/Frameworks";
				PRODUCT_BUNDLE_IDENTIFIER = com.offtheroll.HappyBirthday;
				PRODUCT_NAME = "$(TARGET_NAME)";
			};
			name = Release;
		};
		8D49ED811D02FF280099E28E /* Debug */ = {
			isa = XCBuildConfiguration;
			buildSettings = {
				BUNDLE_LOADER = "$(TEST_HOST)";
				INFOPLIST_FILE = HappyBirthdayTests/Info.plist;
				LD_RUNPATH_SEARCH_PATHS = "$(inherited) @executable_path/Frameworks @loader_path/Frameworks";
				PRODUCT_BUNDLE_IDENTIFIER = com.offtheroll.HappyBirthdayTests;
				PRODUCT_NAME = "$(TARGET_NAME)";
				TEST_HOST = "$(BUILT_PRODUCTS_DIR)/HappyBirthday.app/HappyBirthday";
			};
			name = Debug;
		};
		8D49ED821D02FF280099E28E /* Release */ = {
			isa = XCBuildConfiguration;
			buildSettings = {
				BUNDLE_LOADER = "$(TEST_HOST)";
				INFOPLIST_FILE = HappyBirthdayTests/Info.plist;
				LD_RUNPATH_SEARCH_PATHS = "$(inherited) @executable_path/Frameworks @loader_path/Frameworks";
				PRODUCT_BUNDLE_IDENTIFIER = com.offtheroll.HappyBirthdayTests;
				PRODUCT_NAME = "$(TARGET_NAME)";
				TEST_HOST = "$(BUILT_PRODUCTS_DIR)/HappyBirthday.app/HappyBirthday";
			};
			name = Release;
		};
		8D49ED841D02FF280099E28E /* Debug */ = {
			isa = XCBuildConfiguration;
			buildSettings = {
				INFOPLIST_FILE = HappyBirthdayUITests/Info.plist;
				LD_RUNPATH_SEARCH_PATHS = "$(inherited) @executable_path/Frameworks @loader_path/Frameworks";
				PRODUCT_BUNDLE_IDENTIFIER = com.offtheroll.HappyBirthdayUITests;
				PRODUCT_NAME = "$(TARGET_NAME)";
				TEST_TARGET_NAME = HappyBirthday;
			};
			name = Debug;
		};
		8D49ED851D02FF280099E28E /* Release */ = {
			isa = XCBuildConfiguration;
			buildSettings = {
				INFOPLIST_FILE = HappyBirthdayUITests/Info.plist;
				LD_RUNPATH_SEARCH_PATHS = "$(inherited) @executable_path/Frameworks @loader_path/Frameworks";
				PRODUCT_BUNDLE_IDENTIFIER = com.offtheroll.HappyBirthdayUITests;
				PRODUCT_NAME = "$(TARGET_NAME)";
				TEST_TARGET_NAME = HappyBirthday;
			};
			name = Release;
		};
/* End XCBuildConfiguration section */

/* Begin XCConfigurationList section */
		8D49ED4D1D02FF280099E28E /* Build configuration list for PBXProject "HappyBirthday" */ = {
			isa = XCConfigurationList;
			buildConfigurations = (
				8D49ED7B1D02FF280099E28E /* Debug */,
				8D49ED7C1D02FF280099E28E /* Release */,
			);
			defaultConfigurationIsVisible = 0;
			defaultConfigurationName = Release;
		};
		8D49ED7D1D02FF280099E28E /* Build configuration list for PBXNativeTarget "HappyBirthday" */ = {
			isa = XCConfigurationList;
			buildConfigurations = (
				8D49ED7E1D02FF280099E28E /* Debug */,
				8D49ED7F1D02FF280099E28E /* Release */,
			);
			defaultConfigurationIsVisible = 0;
		};
		8D49ED801D02FF280099E28E /* Build configuration list for PBXNativeTarget "HappyBirthdayTests" */ = {
			isa = XCConfigurationList;
			buildConfigurations = (
				8D49ED811D02FF280099E28E /* Debug */,
				8D49ED821D02FF280099E28E /* Release */,
			);
			defaultConfigurationIsVisible = 0;
		};
		8D49ED831D02FF280099E28E /* Build configuration list for PBXNativeTarget "HappyBirthdayUITests" */ = {
			isa = XCConfigurationList;
			buildConfigurations = (
				8D49ED841D02FF280099E28E /* Debug */,
				8D49ED851D02FF280099E28E /* Release */,
			);
			defaultConfigurationIsVisible = 0;
		};
/* End XCConfigurationList section */

/* Begin XCVersionGroup section */
		8D49ED5C1D02FF280099E28E /* HappyBirthday.xcdatamodeld */ = {
			isa = XCVersionGroup;
			children = (
				8D49ED5D1D02FF280099E28E /* HappyBirthday.xcdatamodel */,
			);
			currentVersion = 8D49ED5D1D02FF280099E28E /* HappyBirthday.xcdatamodel */;
			path = HappyBirthday.xcdatamodeld;
			sourceTree = "<group>";
			versionGroupType = wrapper.xcdatamodel;
		};
/* End XCVersionGroup section */
	};
	rootObject = 8D49ED4A1D02FF280099E28E /* Project object */;
}
