// !$*UTF8*$!
{
	archiveVersion = 1;
	classes = {
	};
	objectVersion = 46;
	objects = {

/* Begin PBXBuildFile section */
		8D4191831D020C9D00AB227B /* AppDelegate.swift in Sources */ = {isa = PBXBuildFile; fileRef = 8D4191821D020C9D00AB227B /* AppDelegate.swift */; };
		8D4191851D020C9D00AB227B /* ViewController.swift in Sources */ = {isa = PBXBuildFile; fileRef = 8D4191841D020C9D00AB227B /* ViewController.swift */; };
		8D4191881D020C9D00AB227B /* Main.storyboard in Resources */ = {isa = PBXBuildFile; fileRef = 8D4191861D020C9D00AB227B /* Main.storyboard */; };
		8D41918B1D020C9D00AB227B /* SuperCool.xcdatamodeld in Sources */ = {isa = PBXBuildFile; fileRef = 8D4191891D020C9D00AB227B /* SuperCool.xcdatamodeld */; };
		8D41918D1D020C9D00AB227B /* Assets.xcassets in Resources */ = {isa = PBXBuildFile; fileRef = 8D41918C1D020C9D00AB227B /* Assets.xcassets */; };
		8D4191901D020C9D00AB227B /* LaunchScreen.storyboard in Resources */ = {isa = PBXBuildFile; fileRef = 8D41918E1D020C9D00AB227B /* LaunchScreen.storyboard */; };
		8D41919B1D020C9D00AB227B /* SuperCoolTests.swift in Sources */ = {isa = PBXBuildFile; fileRef = 8D41919A1D020C9D00AB227B /* SuperCoolTests.swift */; };
		8D4191A61D020C9D00AB227B /* SuperCoolUITests.swift in Sources */ = {isa = PBXBuildFile; fileRef = 8D4191A51D020C9D00AB227B /* SuperCoolUITests.swift */; };
/* End PBXBuildFile section */

/* Begin PBXContainerItemProxy section */
		8D4191971D020C9D00AB227B /* PBXContainerItemProxy */ = {
			isa = PBXContainerItemProxy;
			containerPortal = 8D4191771D020C9C00AB227B /* Project object */;
			proxyType = 1;
			remoteGlobalIDString = 8D41917E1D020C9C00AB227B;
			remoteInfo = SuperCool;
		};
		8D4191A21D020C9D00AB227B /* PBXContainerItemProxy */ = {
			isa = PBXContainerItemProxy;
			containerPortal = 8D4191771D020C9C00AB227B /* Project object */;
			proxyType = 1;
			remoteGlobalIDString = 8D41917E1D020C9C00AB227B;
			remoteInfo = SuperCool;
		};
/* End PBXContainerItemProxy section */

/* Begin PBXFileReference section */
		8D41917F1D020C9D00AB227B /* SuperCool.app */ = {isa = PBXFileReference; explicitFileType = wrapper.application; includeInIndex = 0; path = SuperCool.app; sourceTree = BUILT_PRODUCTS_DIR; };
		8D4191821D020C9D00AB227B /* AppDelegate.swift */ = {isa = PBXFileReference; lastKnownFileType = sourcecode.swift; path = AppDelegate.swift; sourceTree = "<group>"; };
		8D4191841D020C9D00AB227B /* ViewController.swift */ = {isa = PBXFileReference; lastKnownFileType = sourcecode.swift; path = ViewController.swift; sourceTree = "<group>"; };
		8D4191871D020C9D00AB227B /* Base */ = {isa = PBXFileReference; lastKnownFileType = file.storyboard; name = Base; path = Base.lproj/Main.storyboard; sourceTree = "<group>"; };
		8D41918A1D020C9D00AB227B /* SuperCool.xcdatamodel */ = {isa = PBXFileReference; lastKnownFileType = wrapper.xcdatamodel; path = SuperCool.xcdatamodel; sourceTree = "<group>"; };
		8D41918C1D020C9D00AB227B /* Assets.xcassets */ = {isa = PBXFileReference; lastKnownFileType = folder.assetcatalog; path = Assets.xcassets; sourceTree = "<group>"; };
		8D41918F1D020C9D00AB227B /* Base */ = {isa = PBXFileReference; lastKnownFileType = file.storyboard; name = Base; path = Base.lproj/LaunchScreen.storyboard; sourceTree = "<group>"; };
		8D4191911D020C9D00AB227B /* Info.plist */ = {isa = PBXFileReference; lastKnownFileType = text.plist.xml; path = Info.plist; sourceTree = "<group>"; };
		8D4191961D020C9D00AB227B /* SuperCoolTests.xctest */ = {isa = PBXFileReference; explicitFileType = wrapper.cfbundle; includeInIndex = 0; path = SuperCoolTests.xctest; sourceTree = BUILT_PRODUCTS_DIR; };
		8D41919A1D020C9D00AB227B /* SuperCoolTests.swift */ = {isa = PBXFileReference; lastKnownFileType = sourcecode.swift; path = SuperCoolTests.swift; sourceTree = "<group>"; };
		8D41919C1D020C9D00AB227B /* Info.plist */ = {isa = PBXFileReference; lastKnownFileType = text.plist.xml; path = Info.plist; sourceTree = "<group>"; };
		8D4191A11D020C9D00AB227B /* SuperCoolUITests.xctest */ = {isa = PBXFileReference; explicitFileType = wrapper.cfbundle; includeInIndex = 0; path = SuperCoolUITests.xctest; sourceTree = BUILT_PRODUCTS_DIR; };
		8D4191A51D020C9D00AB227B /* SuperCoolUITests.swift */ = {isa = PBXFileReference; lastKnownFileType = sourcecode.swift; path = SuperCoolUITests.swift; sourceTree = "<group>"; };
		8D4191A71D020C9D00AB227B /* Info.plist */ = {isa = PBXFileReference; lastKnownFileType = text.plist.xml; path = Info.plist; sourceTree = "<group>"; };
/* End PBXFileReference section */

/* Begin PBXFrameworksBuildPhase section */
		8D41917C1D020C9C00AB227B /* Frameworks */ = {
			isa = PBXFrameworksBuildPhase;
			buildActionMask = 2147483647;
			files = (
			);
			runOnlyForDeploymentPostprocessing = 0;
		};
		8D4191931D020C9D00AB227B /* Frameworks */ = {
			isa = PBXFrameworksBuildPhase;
			buildActionMask = 2147483647;
			files = (
			);
			runOnlyForDeploymentPostprocessing = 0;
		};
		8D41919E1D020C9D00AB227B /* Frameworks */ = {
			isa = PBXFrameworksBuildPhase;
			buildActionMask = 2147483647;
			files = (
			);
			runOnlyForDeploymentPostprocessing = 0;
		};
/* End PBXFrameworksBuildPhase section */

/* Begin PBXGroup section */
		8D4191761D020C9C00AB227B = {
			isa = PBXGroup;
			children = (
				8D4191811D020C9D00AB227B /* SuperCool */,
				8D4191991D020C9D00AB227B /* SuperCoolTests */,
				8D4191A41D020C9D00AB227B /* SuperCoolUITests */,
				8D4191801D020C9D00AB227B /* Products */,
			);
			sourceTree = "<group>";
		};
		8D4191801D020C9D00AB227B /* Products */ = {
			isa = PBXGroup;
			children = (
				8D41917F1D020C9D00AB227B /* SuperCool.app */,
				8D4191961D020C9D00AB227B /* SuperCoolTests.xctest */,
				8D4191A11D020C9D00AB227B /* SuperCoolUITests.xctest */,
			);
			name = Products;
			sourceTree = "<group>";
		};
		8D4191811D020C9D00AB227B /* SuperCool */ = {
			isa = PBXGroup;
			children = (
				8D4191821D020C9D00AB227B /* AppDelegate.swift */,
				8D4191841D020C9D00AB227B /* ViewController.swift */,
				8D4191861D020C9D00AB227B /* Main.storyboard */,
				8D41918C1D020C9D00AB227B /* Assets.xcassets */,
				8D41918E1D020C9D00AB227B /* LaunchScreen.storyboard */,
				8D4191911D020C9D00AB227B /* Info.plist */,
				8D4191891D020C9D00AB227B /* SuperCool.xcdatamodeld */,
			);
			path = SuperCool;
			sourceTree = "<group>";
		};
		8D4191991D020C9D00AB227B /* SuperCoolTests */ = {
			isa = PBXGroup;
			children = (
				8D41919A1D020C9D00AB227B /* SuperCoolTests.swift */,
				8D41919C1D020C9D00AB227B /* Info.plist */,
			);
			path = SuperCoolTests;
			sourceTree = "<group>";
		};
		8D4191A41D020C9D00AB227B /* SuperCoolUITests */ = {
			isa = PBXGroup;
			children = (
				8D4191A51D020C9D00AB227B /* SuperCoolUITests.swift */,
				8D4191A71D020C9D00AB227B /* Info.plist */,
			);
			path = SuperCoolUITests;
			sourceTree = "<group>";
		};
/* End PBXGroup section */

/* Begin PBXNativeTarget section */
		8D41917E1D020C9C00AB227B /* SuperCool */ = {
			isa = PBXNativeTarget;
			buildConfigurationList = 8D4191AA1D020C9D00AB227B /* Build configuration list for PBXNativeTarget "SuperCool" */;
			buildPhases = (
				8D41917B1D020C9C00AB227B /* Sources */,
				8D41917C1D020C9C00AB227B /* Frameworks */,
				8D41917D1D020C9C00AB227B /* Resources */,
			);
			buildRules = (
			);
			dependencies = (
			);
			name = SuperCool;
			productName = SuperCool;
			productReference = 8D41917F1D020C9D00AB227B /* SuperCool.app */;
			productType = "com.apple.product-type.application";
		};
		8D4191951D020C9D00AB227B /* SuperCoolTests */ = {
			isa = PBXNativeTarget;
			buildConfigurationList = 8D4191AD1D020C9D00AB227B /* Build configuration list for PBXNativeTarget "SuperCoolTests" */;
			buildPhases = (
				8D4191921D020C9D00AB227B /* Sources */,
				8D4191931D020C9D00AB227B /* Frameworks */,
				8D4191941D020C9D00AB227B /* Resources */,
			);
			buildRules = (
			);
			dependencies = (
				8D4191981D020C9D00AB227B /* PBXTargetDependency */,
			);
			name = SuperCoolTests;
			productName = SuperCoolTests;
			productReference = 8D4191961D020C9D00AB227B /* SuperCoolTests.xctest */;
			productType = "com.apple.product-type.bundle.unit-test";
		};
		8D4191A01D020C9D00AB227B /* SuperCoolUITests */ = {
			isa = PBXNativeTarget;
			buildConfigurationList = 8D4191B01D020C9D00AB227B /* Build configuration list for PBXNativeTarget "SuperCoolUITests" */;
			buildPhases = (
				8D41919D1D020C9D00AB227B /* Sources */,
				8D41919E1D020C9D00AB227B /* Frameworks */,
				8D41919F1D020C9D00AB227B /* Resources */,
			);
			buildRules = (
			);
			dependencies = (
				8D4191A31D020C9D00AB227B /* PBXTargetDependency */,
			);
			name = SuperCoolUITests;
			productName = SuperCoolUITests;
			productReference = 8D4191A11D020C9D00AB227B /* SuperCoolUITests.xctest */;
			productType = "com.apple.product-type.bundle.ui-testing";
		};
/* End PBXNativeTarget section */

/* Begin PBXProject section */
		8D4191771D020C9C00AB227B /* Project object */ = {
			isa = PBXProject;
			attributes = {
				LastSwiftUpdateCheck = 0730;
				LastUpgradeCheck = 0730;
				ORGANIZATIONNAME = "Brian Stout";
				TargetAttributes = {
					8D41917E1D020C9C00AB227B = {
						CreatedOnToolsVersion = 7.3;
						DevelopmentTeam = S5W77VUT9J;
					};
					8D4191951D020C9D00AB227B = {
						CreatedOnToolsVersion = 7.3;
						TestTargetID = 8D41917E1D020C9C00AB227B;
					};
					8D4191A01D020C9D00AB227B = {
						CreatedOnToolsVersion = 7.3;
						TestTargetID = 8D41917E1D020C9C00AB227B;
					};
				};
			};
			buildConfigurationList = 8D41917A1D020C9C00AB227B /* Build configuration list for PBXProject "SuperCool" */;
			compatibilityVersion = "Xcode 3.2";
			developmentRegion = English;
			hasScannedForEncodings = 0;
			knownRegions = (
				en,
				Base,
			);
			mainGroup = 8D4191761D020C9C00AB227B;
			productRefGroup = 8D4191801D020C9D00AB227B /* Products */;
			projectDirPath = "";
			projectRoot = "";
			targets = (
				8D41917E1D020C9C00AB227B /* SuperCool */,
				8D4191951D020C9D00AB227B /* SuperCoolTests */,
				8D4191A01D020C9D00AB227B /* SuperCoolUITests */,
			);
		};
/* End PBXProject section */

/* Begin PBXResourcesBuildPhase section */
		8D41917D1D020C9C00AB227B /* Resources */ = {
			isa = PBXResourcesBuildPhase;
			buildActionMask = 2147483647;
			files = (
				8D4191901D020C9D00AB227B /* LaunchScreen.storyboard in Resources */,
				8D41918D1D020C9D00AB227B /* Assets.xcassets in Resources */,
				8D4191881D020C9D00AB227B /* Main.storyboard in Resources */,
			);
			runOnlyForDeploymentPostprocessing = 0;
		};
		8D4191941D020C9D00AB227B /* Resources */ = {
			isa = PBXResourcesBuildPhase;
			buildActionMask = 2147483647;
			files = (
			);
			runOnlyForDeploymentPostprocessing = 0;
		};
		8D41919F1D020C9D00AB227B /* Resources */ = {
			isa = PBXResourcesBuildPhase;
			buildActionMask = 2147483647;
			files = (
			);
			runOnlyForDeploymentPostprocessing = 0;
		};
/* End PBXResourcesBuildPhase section */

/* Begin PBXSourcesBuildPhase section */
		8D41917B1D020C9C00AB227B /* Sources */ = {
			isa = PBXSourcesBuildPhase;
			buildActionMask = 2147483647;
			files = (
				8D41918B1D020C9D00AB227B /* SuperCool.xcdatamodeld in Sources */,
				8D4191851D020C9D00AB227B /* ViewController.swift in Sources */,
				8D4191831D020C9D00AB227B /* AppDelegate.swift in Sources */,
			);
			runOnlyForDeploymentPostprocessing = 0;
		};
		8D4191921D020C9D00AB227B /* Sources */ = {
			isa = PBXSourcesBuildPhase;
			buildActionMask = 2147483647;
			files = (
				8D41919B1D020C9D00AB227B /* SuperCoolTests.swift in Sources */,
			);
			runOnlyForDeploymentPostprocessing = 0;
		};
		8D41919D1D020C9D00AB227B /* Sources */ = {
			isa = PBXSourcesBuildPhase;
			buildActionMask = 2147483647;
			files = (
				8D4191A61D020C9D00AB227B /* SuperCoolUITests.swift in Sources */,
			);
			runOnlyForDeploymentPostprocessing = 0;
		};
/* End PBXSourcesBuildPhase section */

/* Begin PBXTargetDependency section */
		8D4191981D020C9D00AB227B /* PBXTargetDependency */ = {
			isa = PBXTargetDependency;
			target = 8D41917E1D020C9C00AB227B /* SuperCool */;
			targetProxy = 8D4191971D020C9D00AB227B /* PBXContainerItemProxy */;
		};
		8D4191A31D020C9D00AB227B /* PBXTargetDependency */ = {
			isa = PBXTargetDependency;
			target = 8D41917E1D020C9C00AB227B /* SuperCool */;
			targetProxy = 8D4191A21D020C9D00AB227B /* PBXContainerItemProxy */;
		};
/* End PBXTargetDependency section */

/* Begin PBXVariantGroup section */
		8D4191861D020C9D00AB227B /* Main.storyboard */ = {
			isa = PBXVariantGroup;
			children = (
				8D4191871D020C9D00AB227B /* Base */,
			);
			name = Main.storyboard;
			sourceTree = "<group>";
		};
		8D41918E1D020C9D00AB227B /* LaunchScreen.storyboard */ = {
			isa = PBXVariantGroup;
			children = (
				8D41918F1D020C9D00AB227B /* Base */,
			);
			name = LaunchScreen.storyboard;
			sourceTree = "<group>";
		};
/* End PBXVariantGroup section */

/* Begin XCBuildConfiguration section */
		8D4191A81D020C9D00AB227B /* Debug */ = {
			isa = XCBuildConfiguration;
			buildSettings = {
				ALWAYS_SEARCH_USER_PATHS = NO;
				CLANG_ANALYZER_NONNULL = YES;
				CLANG_CXX_LANGUAGE_STANDARD = "gnu++0x";
				CLANG_CXX_LIBRARY = "libc++";
				CLANG_ENABLE_MODULES = YES;
				CLANG_ENABLE_OBJC_ARC = YES;
				CLANG_WARN_BOOL_CONVERSION = YES;
				CLANG_WARN_CONSTANT_CONVERSION = YES;
				CLANG_WARN_DIRECT_OBJC_ISA_USAGE = YES_ERROR;
				CLANG_WARN_EMPTY_BODY = YES;
				CLANG_WARN_ENUM_CONVERSION = YES;
				CLANG_WARN_INT_CONVERSION = YES;
				CLANG_WARN_OBJC_ROOT_CLASS = YES_ERROR;
				CLANG_WARN_UNREACHABLE_CODE = YES;
				CLANG_WARN__DUPLICATE_METHOD_MATCH = YES;
				"CODE_SIGN_IDENTITY[sdk=iphoneos*]" = "iPhone Developer";
				COPY_PHASE_STRIP = NO;
				DEBUG_INFORMATION_FORMAT = dwarf;
				ENABLE_STRICT_OBJC_MSGSEND = YES;
				ENABLE_TESTABILITY = YES;
				GCC_C_LANGUAGE_STANDARD = gnu99;
				GCC_DYNAMIC_NO_PIC = NO;
				GCC_NO_COMMON_BLOCKS = YES;
				GCC_OPTIMIZATION_LEVEL = 0;
				GCC_PREPROCESSOR_DEFINITIONS = (
					"DEBUG=1",
					"$(inherited)",
				);
				GCC_WARN_64_TO_32_BIT_CONVERSION = YES;
				GCC_WARN_ABOUT_RETURN_TYPE = YES_ERROR;
				GCC_WARN_UNDECLARED_SELECTOR = YES;
				GCC_WARN_UNINITIALIZED_AUTOS = YES_AGGRESSIVE;
				GCC_WARN_UNUSED_FUNCTION = YES;
				GCC_WARN_UNUSED_VARIABLE = YES;
				IPHONEOS_DEPLOYMENT_TARGET = 9.3;
				MTL_ENABLE_DEBUG_INFO = YES;
				ONLY_ACTIVE_ARCH = YES;
				SDKROOT = iphoneos;
				SWIFT_OPTIMIZATION_LEVEL = "-Onone";
			};
			name = Debug;
		};
		8D4191A91D020C9D00AB227B /* Release */ = {
			isa = XCBuildConfiguration;
			buildSettings = {
				ALWAYS_SEARCH_USER_PATHS = NO;
				CLANG_ANALYZER_NONNULL = YES;
				CLANG_CXX_LANGUAGE_STANDARD = "gnu++0x";
				CLANG_CXX_LIBRARY = "libc++";
				CLANG_ENABLE_MODULES = YES;
				CLANG_ENABLE_OBJC_ARC = YES;
				CLANG_WARN_BOOL_CONVERSION = YES;
				CLANG_WARN_CONSTANT_CONVERSION = YES;
				CLANG_WARN_DIRECT_OBJC_ISA_USAGE = YES_ERROR;
				CLANG_WARN_EMPTY_BODY = YES;
				CLANG_WARN_ENUM_CONVERSION = YES;
				CLANG_WARN_INT_CONVERSION = YES;
				CLANG_WARN_OBJC_ROOT_CLASS = YES_ERROR;
				CLANG_WARN_UNREACHABLE_CODE = YES;
				CLANG_WARN__DUPLICATE_METHOD_MATCH = YES;
				"CODE_SIGN_IDENTITY[sdk=iphoneos*]" = "iPhone Developer";
				COPY_PHASE_STRIP = NO;
				DEBUG_INFORMATION_FORMAT = "dwarf-with-dsym";
				ENABLE_NS_ASSERTIONS = NO;
				ENABLE_STRICT_OBJC_MSGSEND = YES;
				GCC_C_LANGUAGE_STANDARD = gnu99;
				GCC_NO_COMMON_BLOCKS = YES;
				GCC_WARN_64_TO_32_BIT_CONVERSION = YES;
				GCC_WARN_ABOUT_RETURN_TYPE = YES_ERROR;
				GCC_WARN_UNDECLARED_SELECTOR = YES;
				GCC_WARN_UNINITIALIZED_AUTOS = YES_AGGRESSIVE;
				GCC_WARN_UNUSED_FUNCTION = YES;
				GCC_WARN_UNUSED_VARIABLE = YES;
				IPHONEOS_DEPLOYMENT_TARGET = 9.3;
				MTL_ENABLE_DEBUG_INFO = NO;
				SDKROOT = iphoneos;
				VALIDATE_PRODUCT = YES;
			};
			name = Release;
		};
		8D4191AB1D020C9D00AB227B /* Debug */ = {
			isa = XCBuildConfiguration;
			buildSettings = {
				ASSETCATALOG_COMPILER_APPICON_NAME = AppIcon;
				CODE_SIGN_IDENTITY = "iPhone Developer";
				"CODE_SIGN_IDENTITY[sdk=iphoneos*]" = "iPhone Developer";
				INFOPLIST_FILE = SuperCool/Info.plist;
				LD_RUNPATH_SEARCH_PATHS = "$(inherited) @executable_path/Frameworks";
				PRODUCT_BUNDLE_IDENTIFIER = com.offtheroll.SuperCool;
				PRODUCT_NAME = "$(TARGET_NAME)";
				PROVISIONING_PROFILE = "";
			};
			name = Debug;
		};
		8D4191AC1D020C9D00AB227B /* Release */ = {
			isa = XCBuildConfiguration;
			buildSettings = {
				ASSETCATALOG_COMPILER_APPICON_NAME = AppIcon;
				CODE_SIGN_IDENTITY = "iPhone Developer";
				"CODE_SIGN_IDENTITY[sdk=iphoneos*]" = "iPhone Developer";
				INFOPLIST_FILE = SuperCool/Info.plist;
				LD_RUNPATH_SEARCH_PATHS = "$(inherited) @executable_path/Frameworks";
				PRODUCT_BUNDLE_IDENTIFIER = com.offtheroll.SuperCool;
				PRODUCT_NAME = "$(TARGET_NAME)";
				PROVISIONING_PROFILE = "";
			};
			name = Release;
		};
		8D4191AE1D020C9D00AB227B /* Debug */ = {
			isa = XCBuildConfiguration;
			buildSettings = {
				BUNDLE_LOADER = "$(TEST_HOST)";
				INFOPLIST_FILE = SuperCoolTests/Info.plist;
				LD_RUNPATH_SEARCH_PATHS = "$(inherited) @executable_path/Frameworks @loader_path/Frameworks";
				PRODUCT_BUNDLE_IDENTIFIER = com.offtheroll.SuperCoolTests;
				PRODUCT_NAME = "$(TARGET_NAME)";
				TEST_HOST = "$(BUILT_PRODUCTS_DIR)/SuperCool.app/SuperCool";
			};
			name = Debug;
		};
		8D4191AF1D020C9D00AB227B /* Release */ = {
			isa = XCBuildConfiguration;
			buildSettings = {
				BUNDLE_LOADER = "$(TEST_HOST)";
				INFOPLIST_FILE = SuperCoolTests/Info.plist;
				LD_RUNPATH_SEARCH_PATHS = "$(inherited) @executable_path/Frameworks @loader_path/Frameworks";
				PRODUCT_BUNDLE_IDENTIFIER = com.offtheroll.SuperCoolTests;
				PRODUCT_NAME = "$(TARGET_NAME)";
				TEST_HOST = "$(BUILT_PRODUCTS_DIR)/SuperCool.app/SuperCool";
			};
			name = Release;
		};
		8D4191B11D020C9D00AB227B /* Debug */ = {
			isa = XCBuildConfiguration;
			buildSettings = {
				INFOPLIST_FILE = SuperCoolUITests/Info.plist;
				LD_RUNPATH_SEARCH_PATHS = "$(inherited) @executable_path/Frameworks @loader_path/Frameworks";
				PRODUCT_BUNDLE_IDENTIFIER = com.offtheroll.SuperCoolUITests;
				PRODUCT_NAME = "$(TARGET_NAME)";
				TEST_TARGET_NAME = SuperCool;
			};
			name = Debug;
		};
		8D4191B21D020C9D00AB227B /* Release */ = {
			isa = XCBuildConfiguration;
			buildSettings = {
				INFOPLIST_FILE = SuperCoolUITests/Info.plist;
				LD_RUNPATH_SEARCH_PATHS = "$(inherited) @executable_path/Frameworks @loader_path/Frameworks";
				PRODUCT_BUNDLE_IDENTIFIER = com.offtheroll.SuperCoolUITests;
				PRODUCT_NAME = "$(TARGET_NAME)";
				TEST_TARGET_NAME = SuperCool;
			};
			name = Release;
		};
/* End XCBuildConfiguration section */

/* Begin XCConfigurationList section */
		8D41917A1D020C9C00AB227B /* Build configuration list for PBXProject "SuperCool" */ = {
			isa = XCConfigurationList;
			buildConfigurations = (
				8D4191A81D020C9D00AB227B /* Debug */,
				8D4191A91D020C9D00AB227B /* Release */,
			);
			defaultConfigurationIsVisible = 0;
			defaultConfigurationName = Release;
		};
		8D4191AA1D020C9D00AB227B /* Build configuration list for PBXNativeTarget "SuperCool" */ = {
			isa = XCConfigurationList;
			buildConfigurations = (
				8D4191AB1D020C9D00AB227B /* Debug */,
				8D4191AC1D020C9D00AB227B /* Release */,
			);
			defaultConfigurationIsVisible = 0;
		};
		8D4191AD1D020C9D00AB227B /* Build configuration list for PBXNativeTarget "SuperCoolTests" */ = {
			isa = XCConfigurationList;
			buildConfigurations = (
				8D4191AE1D020C9D00AB227B /* Debug */,
				8D4191AF1D020C9D00AB227B /* Release */,
			);
			defaultConfigurationIsVisible = 0;
		};
		8D4191B01D020C9D00AB227B /* Build configuration list for PBXNativeTarget "SuperCoolUITests" */ = {
			isa = XCConfigurationList;
			buildConfigurations = (
				8D4191B11D020C9D00AB227B /* Debug */,
				8D4191B21D020C9D00AB227B /* Release */,
			);
			defaultConfigurationIsVisible = 0;
		};
/* End XCConfigurationList section */

/* Begin XCVersionGroup section */
		8D4191891D020C9D00AB227B /* SuperCool.xcdatamodeld */ = {
			isa = XCVersionGroup;
			children = (
				8D41918A1D020C9D00AB227B /* SuperCool.xcdatamodel */,
			);
			currentVersion = 8D41918A1D020C9D00AB227B /* SuperCool.xcdatamodel */;
			path = SuperCool.xcdatamodeld;
			sourceTree = "<group>";
			versionGroupType = wrapper.xcdatamodel;
		};
/* End XCVersionGroup section */
	};
	rootObject = 8D4191771D020C9C00AB227B /* Project object */;
}
